// !$*UTF8*$!
{
	archiveVersion = 1;
	classes = {
	};
	objectVersion = 46;
	objects = {

/* Begin PBXBuildFile section */
		A62FE5AB196B20F600AF4836 /* Foundation.framework in Frameworks */ = {isa = PBXBuildFile; fileRef = A62FE5AA196B20F600AF4836 /* Foundation.framework */; };
		A62FE5AD196B20F600AF4836 /* CoreGraphics.framework in Frameworks */ = {isa = PBXBuildFile; fileRef = A62FE5AC196B20F600AF4836 /* CoreGraphics.framework */; };
		A62FE5AF196B20F600AF4836 /* UIKit.framework in Frameworks */ = {isa = PBXBuildFile; fileRef = A62FE5AE196B20F600AF4836 /* UIKit.framework */; };
		A62FE5B5196B20F600AF4836 /* InfoPlist.strings in Resources */ = {isa = PBXBuildFile; fileRef = A62FE5B3196B20F600AF4836 /* InfoPlist.strings */; };
		A62FE5B7196B20F600AF4836 /* main.m in Sources */ = {isa = PBXBuildFile; fileRef = A62FE5B6196B20F600AF4836 /* main.m */; };
		A62FE5BB196B20F600AF4836 /* AppDelegate.m in Sources */ = {isa = PBXBuildFile; fileRef = A62FE5BA196B20F600AF4836 /* AppDelegate.m */; };
		A62FE5BE196B20F600AF4836 /* Main.storyboard in Resources */ = {isa = PBXBuildFile; fileRef = A62FE5BC196B20F600AF4836 /* Main.storyboard */; };
		A62FE5C1196B20F600AF4836 /* ViewController.m in Sources */ = {isa = PBXBuildFile; fileRef = A62FE5C0196B20F600AF4836 /* ViewController.m */; };
		A62FE5C3196B20F600AF4836 /* Images.xcassets in Resources */ = {isa = PBXBuildFile; fileRef = A62FE5C2196B20F600AF4836 /* Images.xcassets */; };
		A62FE5CA196B20F600AF4836 /* XCTest.framework in Frameworks */ = {isa = PBXBuildFile; fileRef = A62FE5C9196B20F600AF4836 /* XCTest.framework */; };
		A62FE5CB196B20F600AF4836 /* Foundation.framework in Frameworks */ = {isa = PBXBuildFile; fileRef = A62FE5AA196B20F600AF4836 /* Foundation.framework */; };
		A62FE5CC196B20F600AF4836 /* UIKit.framework in Frameworks */ = {isa = PBXBuildFile; fileRef = A62FE5AE196B20F600AF4836 /* UIKit.framework */; };
		A62FE5D4196B20F600AF4836 /* InfoPlist.strings in Resources */ = {isa = PBXBuildFile; fileRef = A62FE5D2196B20F600AF4836 /* InfoPlist.strings */; };
		A62FE5D6196B20F600AF4836 /* AHKSwiftOutTimingFunctionTests.m in Sources */ = {isa = PBXBuildFile; fileRef = A62FE5D5196B20F600AF4836 /* AHKSwiftOutTimingFunctionTests.m */; };
/* End PBXBuildFile section */

/* Begin PBXContainerItemProxy section */
		A62FE5CD196B20F600AF4836 /* PBXContainerItemProxy */ = {
			isa = PBXContainerItemProxy;
			containerPortal = A62FE59F196B20F600AF4836 /* Project object */;
			proxyType = 1;
			remoteGlobalIDString = A62FE5A6196B20F600AF4836;
			remoteInfo = AHKSwiftOutTimingFunction;
		};
/* End PBXContainerItemProxy section */

/* Begin PBXFileReference section */
		A62FE5A7196B20F600AF4836 /* AHKSwiftOutTimingFunction.app */ = {isa = PBXFileReference; explicitFileType = wrapper.application; includeInIndex = 0; path = AHKSwiftOutTimingFunction.app; sourceTree = BUILT_PRODUCTS_DIR; };
		A62FE5AA196B20F600AF4836 /* Foundation.framework */ = {isa = PBXFileReference; lastKnownFileType = wrapper.framework; name = Foundation.framework; path = System/Library/Frameworks/Foundation.framework; sourceTree = SDKROOT; };
		A62FE5AC196B20F600AF4836 /* CoreGraphics.framework */ = {isa = PBXFileReference; lastKnownFileType = wrapper.framework; name = CoreGraphics.framework; path = System/Library/Frameworks/CoreGraphics.framework; sourceTree = SDKROOT; };
		A62FE5AE196B20F600AF4836 /* UIKit.framework */ = {isa = PBXFileReference; lastKnownFileType = wrapper.framework; name = UIKit.framework; path = System/Library/Frameworks/UIKit.framework; sourceTree = SDKROOT; };
		A62FE5B2196B20F600AF4836 /* AHKSwiftOutTimingFunction-Info.plist */ = {isa = PBXFileReference; lastKnownFileType = text.plist.xml; path = "AHKSwiftOutTimingFunction-Info.plist"; sourceTree = "<group>"; };
		A62FE5B4196B20F600AF4836 /* en */ = {isa = PBXFileReference; lastKnownFileType = text.plist.strings; name = en; path = en.lproj/InfoPlist.strings; sourceTree = "<group>"; };
		A62FE5B6196B20F600AF4836 /* main.m */ = {isa = PBXFileReference; lastKnownFileType = sourcecode.c.objc; path = main.m; sourceTree = "<group>"; };
		A62FE5B8196B20F600AF4836 /* AHKSwiftOutTimingFunction-Prefix.pch */ = {isa = PBXFileReference; lastKnownFileType = sourcecode.c.h; path = "AHKSwiftOutTimingFunction-Prefix.pch"; sourceTree = "<group>"; };
		A62FE5B9196B20F600AF4836 /* AppDelegate.h */ = {isa = PBXFileReference; lastKnownFileType = sourcecode.c.h; path = AppDelegate.h; sourceTree = "<group>"; };
		A62FE5BA196B20F600AF4836 /* AppDelegate.m */ = {isa = PBXFileReference; lastKnownFileType = sourcecode.c.objc; path = AppDelegate.m; sourceTree = "<group>"; };
		A62FE5BD196B20F600AF4836 /* Base */ = {isa = PBXFileReference; lastKnownFileType = file.storyboard; name = Base; path = Base.lproj/Main.storyboard; sourceTree = "<group>"; };
		A62FE5BF196B20F600AF4836 /* ViewController.h */ = {isa = PBXFileReference; lastKnownFileType = sourcecode.c.h; path = ViewController.h; sourceTree = "<group>"; };
		A62FE5C0196B20F600AF4836 /* ViewController.m */ = {isa = PBXFileReference; lastKnownFileType = sourcecode.c.objc; path = ViewController.m; sourceTree = "<group>"; };
		A62FE5C2196B20F600AF4836 /* Images.xcassets */ = {isa = PBXFileReference; lastKnownFileType = folder.assetcatalog; path = Images.xcassets; sourceTree = "<group>"; };
		A62FE5C8196B20F600AF4836 /* AHKSwiftOutTimingFunctionTests.xctest */ = {isa = PBXFileReference; explicitFileType = wrapper.cfbundle; includeInIndex = 0; path = AHKSwiftOutTimingFunctionTests.xctest; sourceTree = BUILT_PRODUCTS_DIR; };
		A62FE5C9196B20F600AF4836 /* XCTest.framework */ = {isa = PBXFileReference; lastKnownFileType = wrapper.framework; name = XCTest.framework; path = Library/Frameworks/XCTest.framework; sourceTree = DEVELOPER_DIR; };
		A62FE5D1196B20F600AF4836 /* AHKSwiftOutTimingFunctionTests-Info.plist */ = {isa = PBXFileReference; lastKnownFileType = text.plist.xml; path = "AHKSwiftOutTimingFunctionTests-Info.plist"; sourceTree = "<group>"; };
		A62FE5D3196B20F600AF4836 /* en */ = {isa = PBXFileReference; lastKnownFileType = text.plist.strings; name = en; path = en.lproj/InfoPlist.strings; sourceTree = "<group>"; };
		A62FE5D5196B20F600AF4836 /* AHKSwiftOutTimingFunctionTests.m */ = {isa = PBXFileReference; lastKnownFileType = sourcecode.c.objc; path = AHKSwiftOutTimingFunctionTests.m; sourceTree = "<group>"; };
/* End PBXFileReference section */

/* Begin PBXFrameworksBuildPhase section */
		A62FE5A4196B20F600AF4836 /* Frameworks */ = {
			isa = PBXFrameworksBuildPhase;
			buildActionMask = 2147483647;
			files = (
				A62FE5AD196B20F600AF4836 /* CoreGraphics.framework in Frameworks */,
				A62FE5AF196B20F600AF4836 /* UIKit.framework in Frameworks */,
				A62FE5AB196B20F600AF4836 /* Foundation.framework in Frameworks */,
			);
			runOnlyForDeploymentPostprocessing = 0;
		};
		A62FE5C5196B20F600AF4836 /* Frameworks */ = {
			isa = PBXFrameworksBuildPhase;
			buildActionMask = 2147483647;
			files = (
				A62FE5CA196B20F600AF4836 /* XCTest.framework in Frameworks */,
				A62FE5CC196B20F600AF4836 /* UIKit.framework in Frameworks */,
				A62FE5CB196B20F600AF4836 /* Foundation.framework in Frameworks */,
			);
			runOnlyForDeploymentPostprocessing = 0;
		};
/* End PBXFrameworksBuildPhase section */

/* Begin PBXGroup section */
		A62FE59E196B20F600AF4836 = {
			isa = PBXGroup;
			children = (
				A62FE5B0196B20F600AF4836 /* AHKSwiftOutTimingFunction */,
				A62FE5CF196B20F600AF4836 /* AHKSwiftOutTimingFunctionTests */,
				A62FE5A9196B20F600AF4836 /* Frameworks */,
				A62FE5A8196B20F600AF4836 /* Products */,
			);
			sourceTree = "<group>";
		};
		A62FE5A8196B20F600AF4836 /* Products */ = {
			isa = PBXGroup;
			children = (
				A62FE5A7196B20F600AF4836 /* AHKSwiftOutTimingFunction.app */,
				A62FE5C8196B20F600AF4836 /* AHKSwiftOutTimingFunctionTests.xctest */,
			);
			name = Products;
			sourceTree = "<group>";
		};
		A62FE5A9196B20F600AF4836 /* Frameworks */ = {
			isa = PBXGroup;
			children = (
				A62FE5AA196B20F600AF4836 /* Foundation.framework */,
				A62FE5AC196B20F600AF4836 /* CoreGraphics.framework */,
				A62FE5AE196B20F600AF4836 /* UIKit.framework */,
				A62FE5C9196B20F600AF4836 /* XCTest.framework */,
			);
			name = Frameworks;
			sourceTree = "<group>";
		};
		A62FE5B0196B20F600AF4836 /* AHKSwiftOutTimingFunction */ = {
			isa = PBXGroup;
			children = (
				A62FE5B9196B20F600AF4836 /* AppDelegate.h */,
				A62FE5BA196B20F600AF4836 /* AppDelegate.m */,
				A62FE5BC196B20F600AF4836 /* Main.storyboard */,
				A62FE5BF196B20F600AF4836 /* ViewController.h */,
				A62FE5C0196B20F600AF4836 /* ViewController.m */,
				A62FE5C2196B20F600AF4836 /* Images.xcassets */,
				A62FE5B1196B20F600AF4836 /* Supporting Files */,
			);
			path = AHKSwiftOutTimingFunction;
			sourceTree = "<group>";
		};
		A62FE5B1196B20F600AF4836 /* Supporting Files */ = {
			isa = PBXGroup;
			children = (
				A62FE5B2196B20F600AF4836 /* AHKSwiftOutTimingFunction-Info.plist */,
				A62FE5B3196B20F600AF4836 /* InfoPlist.strings */,
				A62FE5B6196B20F600AF4836 /* main.m */,
				A62FE5B8196B20F600AF4836 /* AHKSwiftOutTimingFunction-Prefix.pch */,
			);
			name = "Supporting Files";
			sourceTree = "<group>";
		};
		A62FE5CF196B20F600AF4836 /* AHKSwiftOutTimingFunctionTests */ = {
			isa = PBXGroup;
			children = (
				A62FE5D5196B20F600AF4836 /* AHKSwiftOutTimingFunctionTests.m */,
				A62FE5D0196B20F600AF4836 /* Supporting Files */,
			);
			path = AHKSwiftOutTimingFunctionTests;
			sourceTree = "<group>";
		};
		A62FE5D0196B20F600AF4836 /* Supporting Files */ = {
			isa = PBXGroup;
			children = (
				A62FE5D1196B20F600AF4836 /* AHKSwiftOutTimingFunctionTests-Info.plist */,
				A62FE5D2196B20F600AF4836 /* InfoPlist.strings */,
			);
			name = "Supporting Files";
			sourceTree = "<group>";
		};
/* End PBXGroup section */

/* Begin PBXNativeTarget section */
		A62FE5A6196B20F600AF4836 /* AHKSwiftOutTimingFunction */ = {
			isa = PBXNativeTarget;
			buildConfigurationList = A62FE5D9196B20F600AF4836 /* Build configuration list for PBXNativeTarget "AHKSwiftOutTimingFunction" */;
			buildPhases = (
				A62FE5A3196B20F600AF4836 /* Sources */,
				A62FE5A4196B20F600AF4836 /* Frameworks */,
				A62FE5A5196B20F600AF4836 /* Resources */,
			);
			buildRules = (
			);
			dependencies = (
			);
			name = AHKSwiftOutTimingFunction;
			productName = AHKSwiftOutTimingFunction;
			productReference = A62FE5A7196B20F600AF4836 /* AHKSwiftOutTimingFunction.app */;
			productType = "com.apple.product-type.application";
		};
		A62FE5C7196B20F600AF4836 /* AHKSwiftOutTimingFunctionTests */ = {
			isa = PBXNativeTarget;
			buildConfigurationList = A62FE5DC196B20F600AF4836 /* Build configuration list for PBXNativeTarget "AHKSwiftOutTimingFunctionTests" */;
			buildPhases = (
				A62FE5C4196B20F600AF4836 /* Sources */,
				A62FE5C5196B20F600AF4836 /* Frameworks */,
				A62FE5C6196B20F600AF4836 /* Resources */,
			);
			buildRules = (
			);
			dependencies = (
				A62FE5CE196B20F600AF4836 /* PBXTargetDependency */,
			);
			name = AHKSwiftOutTimingFunctionTests;
			productName = AHKSwiftOutTimingFunctionTests;
			productReference = A62FE5C8196B20F600AF4836 /* AHKSwiftOutTimingFunctionTests.xctest */;
			productType = "com.apple.product-type.bundle.unit-test";
		};
/* End PBXNativeTarget section */

/* Begin PBXProject section */
		A62FE59F196B20F600AF4836 /* Project object */ = {
			isa = PBXProject;
			attributes = {
				LastUpgradeCheck = 0510;
				ORGANIZATIONNAME = "Arkadiusz Holko";
				TargetAttributes = {
					A62FE5C7196B20F600AF4836 = {
						TestTargetID = A62FE5A6196B20F600AF4836;
					};
				};
			};
			buildConfigurationList = A62FE5A2196B20F600AF4836 /* Build configuration list for PBXProject "AHKSwiftOutTimingFunction" */;
			compatibilityVersion = "Xcode 3.2";
			developmentRegion = English;
			hasScannedForEncodings = 0;
			knownRegions = (
				en,
				Base,
			);
			mainGroup = A62FE59E196B20F600AF4836;
			productRefGroup = A62FE5A8196B20F600AF4836 /* Products */;
			projectDirPath = "";
			projectRoot = "";
			targets = (
				A62FE5A6196B20F600AF4836 /* AHKSwiftOutTimingFunction */,
				A62FE5C7196B20F600AF4836 /* AHKSwiftOutTimingFunctionTests */,
			);
		};
/* End PBXProject section */

/* Begin PBXResourcesBuildPhase section */
		A62FE5A5196B20F600AF4836 /* Resources */ = {
			isa = PBXResourcesBuildPhase;
			buildActionMask = 2147483647;
			files = (
				A62FE5C3196B20F600AF4836 /* Images.xcassets in Resources */,
				A62FE5B5196B20F600AF4836 /* InfoPlist.strings in Resources */,
				A62FE5BE196B20F600AF4836 /* Main.storyboard in Resources */,
			);
			runOnlyForDeploymentPostprocessing = 0;
		};
		A62FE5C6196B20F600AF4836 /* Resources */ = {
			isa = PBXResourcesBuildPhase;
			buildActionMask = 2147483647;
			files = (
				A62FE5D4196B20F600AF4836 /* InfoPlist.strings in Resources */,
			);
			runOnlyForDeploymentPostprocessing = 0;
		};
/* End PBXResourcesBuildPhase section */

/* Begin PBXSourcesBuildPhase section */
		A62FE5A3196B20F600AF4836 /* Sources */ = {
			isa = PBXSourcesBuildPhase;
			buildActionMask = 2147483647;
			files = (
				A62FE5C1196B20F600AF4836 /* ViewController.m in Sources */,
				A62FE5BB196B20F600AF4836 /* AppDelegate.m in Sources */,
				A62FE5B7196B20F600AF4836 /* main.m in Sources */,
			);
			runOnlyForDeploymentPostprocessing = 0;
		};
		A62FE5C4196B20F600AF4836 /* Sources */ = {
			isa = PBXSourcesBuildPhase;
			buildActionMask = 2147483647;
			files = (
				A62FE5D6196B20F600AF4836 /* AHKSwiftOutTimingFunctionTests.m in Sources */,
			);
			runOnlyForDeploymentPostprocessing = 0;
		};
/* End PBXSourcesBuildPhase section */

/* Begin PBXTargetDependency section */
		A62FE5CE196B20F600AF4836 /* PBXTargetDependency */ = {
			isa = PBXTargetDependency;
			target = A62FE5A6196B20F600AF4836 /* AHKSwiftOutTimingFunction */;
			targetProxy = A62FE5CD196B20F600AF4836 /* PBXContainerItemProxy */;
		};
/* End PBXTargetDependency section */

/* Begin PBXVariantGroup section */
		A62FE5B3196B20F600AF4836 /* InfoPlist.strings */ = {
			isa = PBXVariantGroup;
			children = (
				A62FE5B4196B20F600AF4836 /* en */,
			);
			name = InfoPlist.strings;
			sourceTree = "<group>";
		};
		A62FE5BC196B20F600AF4836 /* Main.storyboard */ = {
			isa = PBXVariantGroup;
			children = (
				A62FE5BD196B20F600AF4836 /* Base */,
			);
			name = Main.storyboard;
			sourceTree = "<group>";
		};
		A62FE5D2196B20F600AF4836 /* InfoPlist.strings */ = {
			isa = PBXVariantGroup;
			children = (
				A62FE5D3196B20F600AF4836 /* en */,
			);
			name = InfoPlist.strings;
			sourceTree = "<group>";
		};
/* End PBXVariantGroup section */

/* Begin XCBuildConfiguration section */
		A62FE5D7196B20F600AF4836 /* Debug */ = {
			isa = XCBuildConfiguration;
			buildSettings = {
				ALWAYS_SEARCH_USER_PATHS = NO;
				CLANG_CXX_LANGUAGE_STANDARD = "gnu++0x";
				CLANG_CXX_LIBRARY = "libc++";
				CLANG_ENABLE_MODULES = YES;
				CLANG_ENABLE_OBJC_ARC = YES;
				CLANG_WARN_BOOL_CONVERSION = YES;
				CLANG_WARN_CONSTANT_CONVERSION = YES;
				CLANG_WARN_DIRECT_OBJC_ISA_USAGE = YES_ERROR;
				CLANG_WARN_EMPTY_BODY = YES;
				CLANG_WARN_ENUM_CONVERSION = YES;
				CLANG_WARN_INT_CONVERSION = YES;
				CLANG_WARN_OBJC_ROOT_CLASS = YES_ERROR;
				CLANG_WARN__DUPLICATE_METHOD_MATCH = YES;
				"CODE_SIGN_IDENTITY[sdk=iphoneos*]" = "iPhone Developer";
				COPY_PHASE_STRIP = NO;
				GCC_C_LANGUAGE_STANDARD = gnu99;
				GCC_DYNAMIC_NO_PIC = NO;
				GCC_OPTIMIZATION_LEVEL = 0;
				GCC_PREPROCESSOR_DEFINITIONS = (
					"DEBUG=1",
					"$(inherited)",
				);
				GCC_SYMBOLS_PRIVATE_EXTERN = NO;
				GCC_WARN_64_TO_32_BIT_CONVERSION = YES;
				GCC_WARN_ABOUT_RETURN_TYPE = YES_ERROR;
				GCC_WARN_UNDECLARED_SELECTOR = YES;
				GCC_WARN_UNINITIALIZED_AUTOS = YES_AGGRESSIVE;
				GCC_WARN_UNUSED_FUNCTION = YES;
				GCC_WARN_UNUSED_VARIABLE = YES;
				IPHONEOS_DEPLOYMENT_TARGET = 7.1;
				ONLY_ACTIVE_ARCH = YES;
				SDKROOT = iphoneos;
			};
			name = Debug;
		};
		A62FE5D8196B20F600AF4836 /* Release */ = {
			isa = XCBuildConfiguration;
			buildSettings = {
				ALWAYS_SEARCH_USER_PATHS = NO;
				CLANG_CXX_LANGUAGE_STANDARD = "gnu++0x";
				CLANG_CXX_LIBRARY = "libc++";
				CLANG_ENABLE_MODULES = YES;
				CLANG_ENABLE_OBJC_ARC = YES;
				CLANG_WARN_BOOL_CONVERSION = YES;
				CLANG_WARN_CONSTANT_CONVERSION = YES;
				CLANG_WARN_DIRECT_OBJC_ISA_USAGE = YES_ERROR;
				CLANG_WARN_EMPTY_BODY = YES;
				CLANG_WARN_ENUM_CONVERSION = YES;
				CLANG_WARN_INT_CONVERSION = YES;
				CLANG_WARN_OBJC_ROOT_CLASS = YES_ERROR;
				CLANG_WARN__DUPLICATE_METHOD_MATCH = YES;
				"CODE_SIGN_IDENTITY[sdk=iphoneos*]" = "iPhone Developer";
				COPY_PHASE_STRIP = YES;
				ENABLE_NS_ASSERTIONS = NO;
				GCC_C_LANGUAGE_STANDARD = gnu99;
				GCC_WARN_64_TO_32_BIT_CONVERSION = YES;
				GCC_WARN_ABOUT_RETURN_TYPE = YES_ERROR;
				GCC_WARN_UNDECLARED_SELECTOR = YES;
				GCC_WARN_UNINITIALIZED_AUTOS = YES_AGGRESSIVE;
				GCC_WARN_UNUSED_FUNCTION = YES;
				GCC_WARN_UNUSED_VARIABLE = YES;
				IPHONEOS_DEPLOYMENT_TARGET = 7.1;
				SDKROOT = iphoneos;
				VALIDATE_PRODUCT = YES;
			};
			name = Release;
		};
		A62FE5DA196B20F600AF4836 /* Debug */ = {
			isa = XCBuildConfiguration;
			buildSettings = {
				ASSETCATALOG_COMPILER_APPICON_NAME = AppIcon;
				ASSETCATALOG_COMPILER_LAUNCHIMAGE_NAME = LaunchImage;
				GCC_PRECOMPILE_PREFIX_HEADER = YES;
				GCC_PREFIX_HEADER = "AHKSwiftOutTimingFunction/AHKSwiftOutTimingFunction-Prefix.pch";
				INFOPLIST_FILE = "AHKSwiftOutTimingFunction/AHKSwiftOutTimingFunction-Info.plist";
				PRODUCT_NAME = "$(TARGET_NAME)";
				WRAPPER_EXTENSION = app;
			};
			name = Debug;
		};
		A62FE5DB196B20F600AF4836 /* Release */ = {
			isa = XCBuildConfiguration;
			buildSettings = {
				ASSETCATALOG_COMPILER_APPICON_NAME = AppIcon;
				ASSETCATALOG_COMPILER_LAUNCHIMAGE_NAME = LaunchImage;
				GCC_PRECOMPILE_PREFIX_HEADER = YES;
				GCC_PREFIX_HEADER = "AHKSwiftOutTimingFunction/AHKSwiftOutTimingFunction-Prefix.pch";
				INFOPLIST_FILE = "AHKSwiftOutTimingFunction/AHKSwiftOutTimingFunction-Info.plist";
				PRODUCT_NAME = "$(TARGET_NAME)";
				WRAPPER_EXTENSION = app;
			};
			name = Release;
		};
		A62FE5DD196B20F600AF4836 /* Debug */ = {
			isa = XCBuildConfiguration;
			buildSettings = {
				BUNDLE_LOADER = "$(BUILT_PRODUCTS_DIR)/AHKSwiftOutTimingFunction.app/AHKSwiftOutTimingFunction";
				FRAMEWORK_SEARCH_PATHS = (
					"$(SDKROOT)/Developer/Library/Frameworks",
					"$(inherited)",
					"$(DEVELOPER_FRAMEWORKS_DIR)",
				);
				GCC_PRECOMPILE_PREFIX_HEADER = YES;
				GCC_PREFIX_HEADER = "AHKSwiftOutTimingFunction/AHKSwiftOutTimingFunction-Prefix.pch";
				GCC_PREPROCESSOR_DEFINITIONS = (
					"DEBUG=1",
					"$(inherited)",
				);
				INFOPLIST_FILE = "AHKSwiftOutTimingFunctionTests/AHKSwiftOutTimingFunctionTests-Info.plist";
				PRODUCT_NAME = "$(TARGET_NAME)";
				TEST_HOST = "$(BUNDLE_LOADER)";
				WRAPPER_EXTENSION = xctest;
			};
			name = Debug;
		};
		A62FE5DE196B20F600AF4836 /* Release */ = {
			isa = XCBuildConfiguration;
			buildSettings = {
				BUNDLE_LOADER = "$(BUILT_PRODUCTS_DIR)/AHKSwiftOutTimingFunction.app/AHKSwiftOutTimingFunction";
				FRAMEWORK_SEARCH_PATHS = (
					"$(SDKROOT)/Developer/Library/Frameworks",
					"$(inherited)",
					"$(DEVELOPER_FRAMEWORKS_DIR)",
				);
				GCC_PRECOMPILE_PREFIX_HEADER = YES;
				GCC_PREFIX_HEADER = "AHKSwiftOutTimingFunction/AHKSwiftOutTimingFunction-Prefix.pch";
				INFOPLIST_FILE = "AHKSwiftOutTimingFunctionTests/AHKSwiftOutTimingFunctionTests-Info.plist";
				PRODUCT_NAME = "$(TARGET_NAME)";
				TEST_HOST = "$(BUNDLE_LOADER)";
				WRAPPER_EXTENSION = xctest;
			};
			name = Release;
		};
/* End XCBuildConfiguration section */

/* Begin XCConfigurationList section */
		A62FE5A2196B20F600AF4836 /* Build configuration list for PBXProject "AHKSwiftOutTimingFunction" */ = {
			isa = XCConfigurationList;
			buildConfigurations = (
				A62FE5D7196B20F600AF4836 /* Debug */,
				A62FE5D8196B20F600AF4836 /* Release */,
			);
			defaultConfigurationIsVisible = 0;
			defaultConfigurationName = Release;
		};
		A62FE5D9196B20F600AF4836 /* Build configuration list for PBXNativeTarget "AHKSwiftOutTimingFunction" */ = {
			isa = XCConfigurationList;
			buildConfigurations = (
				A62FE5DA196B20F600AF4836 /* Debug */,
				A62FE5DB196B20F600AF4836 /* Release */,
			);
			defaultConfigurationIsVisible = 0;
		};
		A62FE5DC196B20F600AF4836 /* Build configuration list for PBXNativeTarget "AHKSwiftOutTimingFunctionTests" */ = {
			isa = XCConfigurationList;
			buildConfigurations = (
				A62FE5DD196B20F600AF4836 /* Debug */,
				A62FE5DE196B20F600AF4836 /* Release */,
			);
			defaultConfigurationIsVisible = 0;
		};
/* End XCConfigurationList section */
	};
	rootObject = A62FE59F196B20F600AF4836 /* Project object */;
}
