// !$*UTF8*$!
{
	archiveVersion = 1;
	classes = {
	};
	objectVersion = 46;
	objects = {

/* Begin PBXBuildFile section */
		A63665CC196C7BD3009FE8C4 /* Foundation.framework in Frameworks */ = {isa = PBXBuildFile; fileRef = A63665CB196C7BD3009FE8C4 /* Foundation.framework */; };
		A63665CE196C7BD3009FE8C4 /* CoreGraphics.framework in Frameworks */ = {isa = PBXBuildFile; fileRef = A63665CD196C7BD3009FE8C4 /* CoreGraphics.framework */; };
		A63665D0196C7BD3009FE8C4 /* UIKit.framework in Frameworks */ = {isa = PBXBuildFile; fileRef = A63665CF196C7BD3009FE8C4 /* UIKit.framework */; };
		A63665D6196C7BD3009FE8C4 /* InfoPlist.strings in Resources */ = {isa = PBXBuildFile; fileRef = A63665D4196C7BD3009FE8C4 /* InfoPlist.strings */; };
		A63665D8196C7BD3009FE8C4 /* main.m in Sources */ = {isa = PBXBuildFile; fileRef = A63665D7196C7BD3009FE8C4 /* main.m */; };
		A63665DC196C7BD3009FE8C4 /* AppDelegate.m in Sources */ = {isa = PBXBuildFile; fileRef = A63665DB196C7BD3009FE8C4 /* AppDelegate.m */; };
		A63665DF196C7BD3009FE8C4 /* Main.storyboard in Resources */ = {isa = PBXBuildFile; fileRef = A63665DD196C7BD3009FE8C4 /* Main.storyboard */; };
		A63665E2196C7BD3009FE8C4 /* ViewController.m in Sources */ = {isa = PBXBuildFile; fileRef = A63665E1196C7BD3009FE8C4 /* ViewController.m */; };
		A63665E4196C7BD3009FE8C4 /* Images.xcassets in Resources */ = {isa = PBXBuildFile; fileRef = A63665E3196C7BD3009FE8C4 /* Images.xcassets */; };
		A63665EB196C7BD3009FE8C4 /* XCTest.framework in Frameworks */ = {isa = PBXBuildFile; fileRef = A63665EA196C7BD3009FE8C4 /* XCTest.framework */; };
		A63665EC196C7BD3009FE8C4 /* Foundation.framework in Frameworks */ = {isa = PBXBuildFile; fileRef = A63665CB196C7BD3009FE8C4 /* Foundation.framework */; };
		A63665ED196C7BD3009FE8C4 /* UIKit.framework in Frameworks */ = {isa = PBXBuildFile; fileRef = A63665CF196C7BD3009FE8C4 /* UIKit.framework */; };
		A63665F5196C7BD3009FE8C4 /* InfoPlist.strings in Resources */ = {isa = PBXBuildFile; fileRef = A63665F3196C7BD3009FE8C4 /* InfoPlist.strings */; };
		A63665F7196C7BD3009FE8C4 /* SwiftOutTimingFunctionTests.m in Sources */ = {isa = PBXBuildFile; fileRef = A63665F6196C7BD3009FE8C4 /* SwiftOutTimingFunctionTests.m */; };
		A6366603196C7C24009FE8C4 /* CAMediaTimingFunction+SwiftOut.m in Sources */ = {isa = PBXBuildFile; fileRef = A6366602196C7C24009FE8C4 /* CAMediaTimingFunction+SwiftOut.m */; };
/* End PBXBuildFile section */

/* Begin PBXContainerItemProxy section */
		A63665EE196C7BD3009FE8C4 /* PBXContainerItemProxy */ = {
			isa = PBXContainerItemProxy;
			containerPortal = A63665C0196C7BD3009FE8C4 /* Project object */;
			proxyType = 1;
			remoteGlobalIDString = A63665C7196C7BD3009FE8C4;
			remoteInfo = SwiftOutTimingFunction;
		};
/* End PBXContainerItemProxy section */

/* Begin PBXFileReference section */
		A63665C8196C7BD3009FE8C4 /* SwiftOutTimingFunction.app */ = {isa = PBXFileReference; explicitFileType = wrapper.application; includeInIndex = 0; path = SwiftOutTimingFunction.app; sourceTree = BUILT_PRODUCTS_DIR; };
		A63665CB196C7BD3009FE8C4 /* Foundation.framework */ = {isa = PBXFileReference; lastKnownFileType = wrapper.framework; name = Foundation.framework; path = System/Library/Frameworks/Foundation.framework; sourceTree = SDKROOT; };
		A63665CD196C7BD3009FE8C4 /* CoreGraphics.framework */ = {isa = PBXFileReference; lastKnownFileType = wrapper.framework; name = CoreGraphics.framework; path = System/Library/Frameworks/CoreGraphics.framework; sourceTree = SDKROOT; };
		A63665CF196C7BD3009FE8C4 /* UIKit.framework */ = {isa = PBXFileReference; lastKnownFileType = wrapper.framework; name = UIKit.framework; path = System/Library/Frameworks/UIKit.framework; sourceTree = SDKROOT; };
		A63665D3196C7BD3009FE8C4 /* SwiftOutTimingFunction-Info.plist */ = {isa = PBXFileReference; lastKnownFileType = text.plist.xml; path = "SwiftOutTimingFunction-Info.plist"; sourceTree = "<group>"; };
		A63665D5196C7BD3009FE8C4 /* en */ = {isa = PBXFileReference; lastKnownFileType = text.plist.strings; name = en; path = en.lproj/InfoPlist.strings; sourceTree = "<group>"; };
		A63665D7196C7BD3009FE8C4 /* main.m */ = {isa = PBXFileReference; lastKnownFileType = sourcecode.c.objc; path = main.m; sourceTree = "<group>"; };
		A63665D9196C7BD3009FE8C4 /* SwiftOutTimingFunction-Prefix.pch */ = {isa = PBXFileReference; lastKnownFileType = sourcecode.c.h; path = "SwiftOutTimingFunction-Prefix.pch"; sourceTree = "<group>"; };
		A63665DA196C7BD3009FE8C4 /* AppDelegate.h */ = {isa = PBXFileReference; lastKnownFileType = sourcecode.c.h; path = AppDelegate.h; sourceTree = "<group>"; };
		A63665DB196C7BD3009FE8C4 /* AppDelegate.m */ = {isa = PBXFileReference; lastKnownFileType = sourcecode.c.objc; path = AppDelegate.m; sourceTree = "<group>"; };
		A63665DE196C7BD3009FE8C4 /* Base */ = {isa = PBXFileReference; lastKnownFileType = file.storyboard; name = Base; path = Base.lproj/Main.storyboard; sourceTree = "<group>"; };
		A63665E0196C7BD3009FE8C4 /* ViewController.h */ = {isa = PBXFileReference; lastKnownFileType = sourcecode.c.h; path = ViewController.h; sourceTree = "<group>"; };
		A63665E1196C7BD3009FE8C4 /* ViewController.m */ = {isa = PBXFileReference; lastKnownFileType = sourcecode.c.objc; path = ViewController.m; sourceTree = "<group>"; };
		A63665E3196C7BD3009FE8C4 /* Images.xcassets */ = {isa = PBXFileReference; lastKnownFileType = folder.assetcatalog; path = Images.xcassets; sourceTree = "<group>"; };
		A63665E9196C7BD3009FE8C4 /* SwiftOutTimingFunctionTests.xctest */ = {isa = PBXFileReference; explicitFileType = wrapper.cfbundle; includeInIndex = 0; path = SwiftOutTimingFunctionTests.xctest; sourceTree = BUILT_PRODUCTS_DIR; };
		A63665EA196C7BD3009FE8C4 /* XCTest.framework */ = {isa = PBXFileReference; lastKnownFileType = wrapper.framework; name = XCTest.framework; path = Library/Frameworks/XCTest.framework; sourceTree = DEVELOPER_DIR; };
		A63665F2196C7BD3009FE8C4 /* SwiftOutTimingFunctionTests-Info.plist */ = {isa = PBXFileReference; lastKnownFileType = text.plist.xml; path = "SwiftOutTimingFunctionTests-Info.plist"; sourceTree = "<group>"; };
		A63665F4196C7BD3009FE8C4 /* en */ = {isa = PBXFileReference; lastKnownFileType = text.plist.strings; name = en; path = en.lproj/InfoPlist.strings; sourceTree = "<group>"; };
		A63665F6196C7BD3009FE8C4 /* SwiftOutTimingFunctionTests.m */ = {isa = PBXFileReference; lastKnownFileType = sourcecode.c.objc; path = SwiftOutTimingFunctionTests.m; sourceTree = "<group>"; };
		A6366601196C7C24009FE8C4 /* CAMediaTimingFunction+SwiftOut.h */ = {isa = PBXFileReference; fileEncoding = 4; lastKnownFileType = sourcecode.c.h; path = "CAMediaTimingFunction+SwiftOut.h"; sourceTree = "<group>"; };
		A6366602196C7C24009FE8C4 /* CAMediaTimingFunction+SwiftOut.m */ = {isa = PBXFileReference; fileEncoding = 4; lastKnownFileType = sourcecode.c.objc; path = "CAMediaTimingFunction+SwiftOut.m"; sourceTree = "<group>"; };
/* End PBXFileReference section */

/* Begin PBXFrameworksBuildPhase section */
		A63665C5196C7BD3009FE8C4 /* Frameworks */ = {
			isa = PBXFrameworksBuildPhase;
			buildActionMask = 2147483647;
			files = (
				A63665CE196C7BD3009FE8C4 /* CoreGraphics.framework in Frameworks */,
				A63665D0196C7BD3009FE8C4 /* UIKit.framework in Frameworks */,
				A63665CC196C7BD3009FE8C4 /* Foundation.framework in Frameworks */,
			);
			runOnlyForDeploymentPostprocessing = 0;
		};
		A63665E6196C7BD3009FE8C4 /* Frameworks */ = {
			isa = PBXFrameworksBuildPhase;
			buildActionMask = 2147483647;
			files = (
				A63665EB196C7BD3009FE8C4 /* XCTest.framework in Frameworks */,
				A63665ED196C7BD3009FE8C4 /* UIKit.framework in Frameworks */,
				A63665EC196C7BD3009FE8C4 /* Foundation.framework in Frameworks */,
			);
			runOnlyForDeploymentPostprocessing = 0;
		};
/* End PBXFrameworksBuildPhase section */

/* Begin PBXGroup section */
		A63665BF196C7BD3009FE8C4 = {
			isa = PBXGroup;
			children = (
				A6366600196C7BF0009FE8C4 /* Pod */,
				A63665D1196C7BD3009FE8C4 /* SwiftOutTimingFunction */,
				A63665F0196C7BD3009FE8C4 /* SwiftOutTimingFunctionTests */,
				A63665CA196C7BD3009FE8C4 /* Frameworks */,
				A63665C9196C7BD3009FE8C4 /* Products */,
			);
			sourceTree = "<group>";
		};
		A63665C9196C7BD3009FE8C4 /* Products */ = {
			isa = PBXGroup;
			children = (
				A63665C8196C7BD3009FE8C4 /* SwiftOutTimingFunction.app */,
				A63665E9196C7BD3009FE8C4 /* SwiftOutTimingFunctionTests.xctest */,
			);
			name = Products;
			sourceTree = "<group>";
		};
		A63665CA196C7BD3009FE8C4 /* Frameworks */ = {
			isa = PBXGroup;
			children = (
				A63665CB196C7BD3009FE8C4 /* Foundation.framework */,
				A63665CD196C7BD3009FE8C4 /* CoreGraphics.framework */,
				A63665CF196C7BD3009FE8C4 /* UIKit.framework */,
				A63665EA196C7BD3009FE8C4 /* XCTest.framework */,
			);
			name = Frameworks;
			sourceTree = "<group>";
		};
		A63665D1196C7BD3009FE8C4 /* SwiftOutTimingFunction */ = {
			isa = PBXGroup;
			children = (
				A63665DA196C7BD3009FE8C4 /* AppDelegate.h */,
				A63665DB196C7BD3009FE8C4 /* AppDelegate.m */,
				A63665DD196C7BD3009FE8C4 /* Main.storyboard */,
				A63665E0196C7BD3009FE8C4 /* ViewController.h */,
				A63665E1196C7BD3009FE8C4 /* ViewController.m */,
				A63665E3196C7BD3009FE8C4 /* Images.xcassets */,
				A63665D2196C7BD3009FE8C4 /* Supporting Files */,
			);
			path = SwiftOutTimingFunction;
			sourceTree = "<group>";
		};
		A63665D2196C7BD3009FE8C4 /* Supporting Files */ = {
			isa = PBXGroup;
			children = (
				A63665D3196C7BD3009FE8C4 /* SwiftOutTimingFunction-Info.plist */,
				A63665D4196C7BD3009FE8C4 /* InfoPlist.strings */,
				A63665D7196C7BD3009FE8C4 /* main.m */,
				A63665D9196C7BD3009FE8C4 /* SwiftOutTimingFunction-Prefix.pch */,
			);
			name = "Supporting Files";
			sourceTree = "<group>";
		};
		A63665F0196C7BD3009FE8C4 /* SwiftOutTimingFunctionTests */ = {
			isa = PBXGroup;
			children = (
				A63665F6196C7BD3009FE8C4 /* SwiftOutTimingFunctionTests.m */,
				A63665F1196C7BD3009FE8C4 /* Supporting Files */,
			);
			path = SwiftOutTimingFunctionTests;
			sourceTree = "<group>";
		};
		A63665F1196C7BD3009FE8C4 /* Supporting Files */ = {
			isa = PBXGroup;
			children = (
				A63665F2196C7BD3009FE8C4 /* SwiftOutTimingFunctionTests-Info.plist */,
				A63665F3196C7BD3009FE8C4 /* InfoPlist.strings */,
			);
			name = "Supporting Files";
			sourceTree = "<group>";
		};
		A6366600196C7BF0009FE8C4 /* Pod */ = {
			isa = PBXGroup;
			children = (
				A6366601196C7C24009FE8C4 /* CAMediaTimingFunction+SwiftOut.h */,
				A6366602196C7C24009FE8C4 /* CAMediaTimingFunction+SwiftOut.m */,
			);
			name = Pod;
			path = ../Classes;
			sourceTree = "<group>";
		};
/* End PBXGroup section */

/* Begin PBXNativeTarget section */
		A63665C7196C7BD3009FE8C4 /* SwiftOutTimingFunction */ = {
			isa = PBXNativeTarget;
			buildConfigurationList = A63665FA196C7BD3009FE8C4 /* Build configuration list for PBXNativeTarget "SwiftOutTimingFunction" */;
			buildPhases = (
				A63665C4196C7BD3009FE8C4 /* Sources */,
				A63665C5196C7BD3009FE8C4 /* Frameworks */,
				A63665C6196C7BD3009FE8C4 /* Resources */,
			);
			buildRules = (
			);
			dependencies = (
			);
			name = SwiftOutTimingFunction;
			productName = SwiftOutTimingFunction;
			productReference = A63665C8196C7BD3009FE8C4 /* SwiftOutTimingFunction.app */;
			productType = "com.apple.product-type.application";
		};
		A63665E8196C7BD3009FE8C4 /* SwiftOutTimingFunctionTests */ = {
			isa = PBXNativeTarget;
			buildConfigurationList = A63665FD196C7BD3009FE8C4 /* Build configuration list for PBXNativeTarget "SwiftOutTimingFunctionTests" */;
			buildPhases = (
				A63665E5196C7BD3009FE8C4 /* Sources */,
				A63665E6196C7BD3009FE8C4 /* Frameworks */,
				A63665E7196C7BD3009FE8C4 /* Resources */,
			);
			buildRules = (
			);
			dependencies = (
				A63665EF196C7BD3009FE8C4 /* PBXTargetDependency */,
			);
			name = SwiftOutTimingFunctionTests;
			productName = SwiftOutTimingFunctionTests;
			productReference = A63665E9196C7BD3009FE8C4 /* SwiftOutTimingFunctionTests.xctest */;
			productType = "com.apple.product-type.bundle.unit-test";
		};
/* End PBXNativeTarget section */

/* Begin PBXProject section */
		A63665C0196C7BD3009FE8C4 /* Project object */ = {
			isa = PBXProject;
			attributes = {
				LastUpgradeCheck = 0510;
				ORGANIZATIONNAME = "Arkadiusz Holko";
				TargetAttributes = {
					A63665E8196C7BD3009FE8C4 = {
						TestTargetID = A63665C7196C7BD3009FE8C4;
					};
				};
			};
			buildConfigurationList = A63665C3196C7BD3009FE8C4 /* Build configuration list for PBXProject "SwiftOutTimingFunction" */;
			compatibilityVersion = "Xcode 3.2";
			developmentRegion = English;
			hasScannedForEncodings = 0;
			knownRegions = (
				en,
				Base,
			);
			mainGroup = A63665BF196C7BD3009FE8C4;
			productRefGroup = A63665C9196C7BD3009FE8C4 /* Products */;
			projectDirPath = "";
			projectRoot = "";
			targets = (
				A63665C7196C7BD3009FE8C4 /* SwiftOutTimingFunction */,
				A63665E8196C7BD3009FE8C4 /* SwiftOutTimingFunctionTests */,
			);
		};
/* End PBXProject section */

/* Begin PBXResourcesBuildPhase section */
		A63665C6196C7BD3009FE8C4 /* Resources */ = {
			isa = PBXResourcesBuildPhase;
			buildActionMask = 2147483647;
			files = (
				A63665E4196C7BD3009FE8C4 /* Images.xcassets in Resources */,
				A63665D6196C7BD3009FE8C4 /* InfoPlist.strings in Resources */,
				A63665DF196C7BD3009FE8C4 /* Main.storyboard in Resources */,
			);
			runOnlyForDeploymentPostprocessing = 0;
		};
		A63665E7196C7BD3009FE8C4 /* Resources */ = {
			isa = PBXResourcesBuildPhase;
			buildActionMask = 2147483647;
			files = (
				A63665F5196C7BD3009FE8C4 /* InfoPlist.strings in Resources */,
			);
			runOnlyForDeploymentPostprocessing = 0;
		};
/* End PBXResourcesBuildPhase section */

/* Begin PBXSourcesBuildPhase section */
		A63665C4196C7BD3009FE8C4 /* Sources */ = {
			isa = PBXSourcesBuildPhase;
			buildActionMask = 2147483647;
			files = (
				A63665E2196C7BD3009FE8C4 /* ViewController.m in Sources */,
				A63665DC196C7BD3009FE8C4 /* AppDelegate.m in Sources */,
				A6366603196C7C24009FE8C4 /* CAMediaTimingFunction+SwiftOut.m in Sources */,
				A63665D8196C7BD3009FE8C4 /* main.m in Sources */,
			);
			runOnlyForDeploymentPostprocessing = 0;
		};
		A63665E5196C7BD3009FE8C4 /* Sources */ = {
			isa = PBXSourcesBuildPhase;
			buildActionMask = 2147483647;
			files = (
				A63665F7196C7BD3009FE8C4 /* SwiftOutTimingFunctionTests.m in Sources */,
			);
			runOnlyForDeploymentPostprocessing = 0;
		};
/* End PBXSourcesBuildPhase section */

/* Begin PBXTargetDependency section */
		A63665EF196C7BD3009FE8C4 /* PBXTargetDependency */ = {
			isa = PBXTargetDependency;
			target = A63665C7196C7BD3009FE8C4 /* SwiftOutTimingFunction */;
			targetProxy = A63665EE196C7BD3009FE8C4 /* PBXContainerItemProxy */;
		};
/* End PBXTargetDependency section */

/* Begin PBXVariantGroup section */
		A63665D4196C7BD3009FE8C4 /* InfoPlist.strings */ = {
			isa = PBXVariantGroup;
			children = (
				A63665D5196C7BD3009FE8C4 /* en */,
			);
			name = InfoPlist.strings;
			sourceTree = "<group>";
		};
		A63665DD196C7BD3009FE8C4 /* Main.storyboard */ = {
			isa = PBXVariantGroup;
			children = (
				A63665DE196C7BD3009FE8C4 /* Base */,
			);
			name = Main.storyboard;
			sourceTree = "<group>";
		};
		A63665F3196C7BD3009FE8C4 /* InfoPlist.strings */ = {
			isa = PBXVariantGroup;
			children = (
				A63665F4196C7BD3009FE8C4 /* en */,
			);
			name = InfoPlist.strings;
			sourceTree = "<group>";
		};
/* End PBXVariantGroup section */

/* Begin XCBuildConfiguration section */
		A63665F8196C7BD3009FE8C4 /* Debug */ = {
			isa = XCBuildConfiguration;
			buildSettings = {
				ALWAYS_SEARCH_USER_PATHS = NO;
				CLANG_CXX_LANGUAGE_STANDARD = "gnu++0x";
				CLANG_CXX_LIBRARY = "libc++";
				CLANG_ENABLE_MODULES = YES;
				CLANG_ENABLE_OBJC_ARC = YES;
				CLANG_WARN_BOOL_CONVERSION = YES;
				CLANG_WARN_CONSTANT_CONVERSION = YES;
				CLANG_WARN_DIRECT_OBJC_ISA_USAGE = YES_ERROR;
				CLANG_WARN_EMPTY_BODY = YES;
				CLANG_WARN_ENUM_CONVERSION = YES;
				CLANG_WARN_INT_CONVERSION = YES;
				CLANG_WARN_OBJC_ROOT_CLASS = YES_ERROR;
				CLANG_WARN__DUPLICATE_METHOD_MATCH = YES;
				"CODE_SIGN_IDENTITY[sdk=iphoneos*]" = "iPhone Developer";
				COPY_PHASE_STRIP = NO;
				GCC_C_LANGUAGE_STANDARD = gnu99;
				GCC_DYNAMIC_NO_PIC = NO;
				GCC_OPTIMIZATION_LEVEL = 0;
				GCC_PREPROCESSOR_DEFINITIONS = (
					"DEBUG=1",
					"$(inherited)",
				);
				GCC_SYMBOLS_PRIVATE_EXTERN = NO;
				GCC_WARN_64_TO_32_BIT_CONVERSION = YES;
				GCC_WARN_ABOUT_RETURN_TYPE = YES_ERROR;
				GCC_WARN_UNDECLARED_SELECTOR = YES;
				GCC_WARN_UNINITIALIZED_AUTOS = YES_AGGRESSIVE;
				GCC_WARN_UNUSED_FUNCTION = YES;
				GCC_WARN_UNUSED_VARIABLE = YES;
				IPHONEOS_DEPLOYMENT_TARGET = 7.1;
				ONLY_ACTIVE_ARCH = YES;
				SDKROOT = iphoneos;
			};
			name = Debug;
		};
		A63665F9196C7BD3009FE8C4 /* Release */ = {
			isa = XCBuildConfiguration;
			buildSettings = {
				ALWAYS_SEARCH_USER_PATHS = NO;
				CLANG_CXX_LANGUAGE_STANDARD = "gnu++0x";
				CLANG_CXX_LIBRARY = "libc++";
				CLANG_ENABLE_MODULES = YES;
				CLANG_ENABLE_OBJC_ARC = YES;
				CLANG_WARN_BOOL_CONVERSION = YES;
				CLANG_WARN_CONSTANT_CONVERSION = YES;
				CLANG_WARN_DIRECT_OBJC_ISA_USAGE = YES_ERROR;
				CLANG_WARN_EMPTY_BODY = YES;
				CLANG_WARN_ENUM_CONVERSION = YES;
				CLANG_WARN_INT_CONVERSION = YES;
				CLANG_WARN_OBJC_ROOT_CLASS = YES_ERROR;
				CLANG_WARN__DUPLICATE_METHOD_MATCH = YES;
				"CODE_SIGN_IDENTITY[sdk=iphoneos*]" = "iPhone Developer";
				COPY_PHASE_STRIP = YES;
				ENABLE_NS_ASSERTIONS = NO;
				GCC_C_LANGUAGE_STANDARD = gnu99;
				GCC_WARN_64_TO_32_BIT_CONVERSION = YES;
				GCC_WARN_ABOUT_RETURN_TYPE = YES_ERROR;
				GCC_WARN_UNDECLARED_SELECTOR = YES;
				GCC_WARN_UNINITIALIZED_AUTOS = YES_AGGRESSIVE;
				GCC_WARN_UNUSED_FUNCTION = YES;
				GCC_WARN_UNUSED_VARIABLE = YES;
				IPHONEOS_DEPLOYMENT_TARGET = 7.1;
				SDKROOT = iphoneos;
				VALIDATE_PRODUCT = YES;
			};
			name = Release;
		};
		A63665FB196C7BD3009FE8C4 /* Debug */ = {
			isa = XCBuildConfiguration;
			buildSettings = {
				ASSETCATALOG_COMPILER_APPICON_NAME = AppIcon;
				ASSETCATALOG_COMPILER_LAUNCHIMAGE_NAME = LaunchImage;
				GCC_PRECOMPILE_PREFIX_HEADER = YES;
				GCC_PREFIX_HEADER = "SwiftOutTimingFunction/SwiftOutTimingFunction-Prefix.pch";
				INFOPLIST_FILE = "SwiftOutTimingFunction/SwiftOutTimingFunction-Info.plist";
				PRODUCT_NAME = "$(TARGET_NAME)";
				WRAPPER_EXTENSION = app;
			};
			name = Debug;
		};
		A63665FC196C7BD3009FE8C4 /* Release */ = {
			isa = XCBuildConfiguration;
			buildSettings = {
				ASSETCATALOG_COMPILER_APPICON_NAME = AppIcon;
				ASSETCATALOG_COMPILER_LAUNCHIMAGE_NAME = LaunchImage;
				GCC_PRECOMPILE_PREFIX_HEADER = YES;
				GCC_PREFIX_HEADER = "SwiftOutTimingFunction/SwiftOutTimingFunction-Prefix.pch";
				INFOPLIST_FILE = "SwiftOutTimingFunction/SwiftOutTimingFunction-Info.plist";
				PRODUCT_NAME = "$(TARGET_NAME)";
				WRAPPER_EXTENSION = app;
			};
			name = Release;
		};
		A63665FE196C7BD3009FE8C4 /* Debug */ = {
			isa = XCBuildConfiguration;
			buildSettings = {
				BUNDLE_LOADER = "$(BUILT_PRODUCTS_DIR)/SwiftOutTimingFunction.app/SwiftOutTimingFunction";
				FRAMEWORK_SEARCH_PATHS = (
					"$(SDKROOT)/Developer/Library/Frameworks",
					"$(inherited)",
					"$(DEVELOPER_FRAMEWORKS_DIR)",
				);
				GCC_PRECOMPILE_PREFIX_HEADER = YES;
				GCC_PREFIX_HEADER = "SwiftOutTimingFunction/SwiftOutTimingFunction-Prefix.pch";
				GCC_PREPROCESSOR_DEFINITIONS = (
					"DEBUG=1",
					"$(inherited)",
				);
				INFOPLIST_FILE = "SwiftOutTimingFunctionTests/SwiftOutTimingFunctionTests-Info.plist";
				PRODUCT_NAME = "$(TARGET_NAME)";
				TEST_HOST = "$(BUNDLE_LOADER)";
				WRAPPER_EXTENSION = xctest;
			};
			name = Debug;
		};
		A63665FF196C7BD3009FE8C4 /* Release */ = {
			isa = XCBuildConfiguration;
			buildSettings = {
				BUNDLE_LOADER = "$(BUILT_PRODUCTS_DIR)/SwiftOutTimingFunction.app/SwiftOutTimingFunction";
				FRAMEWORK_SEARCH_PATHS = (
					"$(SDKROOT)/Developer/Library/Frameworks",
					"$(inherited)",
					"$(DEVELOPER_FRAMEWORKS_DIR)",
				);
				GCC_PRECOMPILE_PREFIX_HEADER = YES;
				GCC_PREFIX_HEADER = "SwiftOutTimingFunction/SwiftOutTimingFunction-Prefix.pch";
				INFOPLIST_FILE = "SwiftOutTimingFunctionTests/SwiftOutTimingFunctionTests-Info.plist";
				PRODUCT_NAME = "$(TARGET_NAME)";
				TEST_HOST = "$(BUNDLE_LOADER)";
				WRAPPER_EXTENSION = xctest;
			};
			name = Release;
		};
/* End XCBuildConfiguration section */

/* Begin XCConfigurationList section */
		A63665C3196C7BD3009FE8C4 /* Build configuration list for PBXProject "SwiftOutTimingFunction" */ = {
			isa = XCConfigurationList;
			buildConfigurations = (
				A63665F8196C7BD3009FE8C4 /* Debug */,
				A63665F9196C7BD3009FE8C4 /* Release */,
			);
			defaultConfigurationIsVisible = 0;
			defaultConfigurationName = Release;
		};
		A63665FA196C7BD3009FE8C4 /* Build configuration list for PBXNativeTarget "SwiftOutTimingFunction" */ = {
			isa = XCConfigurationList;
			buildConfigurations = (
				A63665FB196C7BD3009FE8C4 /* Debug */,
				A63665FC196C7BD3009FE8C4 /* Release */,
			);
			defaultConfigurationIsVisible = 0;
			defaultConfigurationName = Release;
		};
		A63665FD196C7BD3009FE8C4 /* Build configuration list for PBXNativeTarget "SwiftOutTimingFunctionTests" */ = {
			isa = XCConfigurationList;
			buildConfigurations = (
				A63665FE196C7BD3009FE8C4 /* Debug */,
				A63665FF196C7BD3009FE8C4 /* Release */,
			);
			defaultConfigurationIsVisible = 0;
			defaultConfigurationName = Release;
		};
/* End XCConfigurationList section */
	};
	rootObject = A63665C0196C7BD3009FE8C4 /* Project object */;
}
